
Microsoft Visual Studio Solution File, Format Version 12.00
# Visual Studio Version 17
VisualStudioVersion = 17.14.36109.1 d17.14
MinimumVisualStudioVersion = 10.0.40219.1
Project("{FAE04EC0-301F-11D3-BF4B-00C04F79EFBC}") = "Parcial", "Parcial\Parcial.csproj", "{8AE5F3E9-2C2E-4492-9CF5-0EA6225DED08}"
EndProject
Global
	GlobalSection(SolutionConfigurationPlatforms) = preSolution
		Debug|Any CPU = Debug|Any CPU
		Release|Any CPU = Release|Any CPU
	EndGlobalSection
	GlobalSection(ProjectConfigurationPlatforms) = postSolution
		{8AE5F3E9-2C2E-4492-9CF5-0EA6225DED08}.Debug|Any CPU.ActiveCfg = Debug|Any CPU
		{8AE5F3E9-2C2E-4492-9CF5-0EA6225DED08}.Debug|Any CPU.Build.0 = Debug|Any CPU
		{8AE5F3E9-2C2E-4492-9CF5-0EA6225DED08}.Release|Any CPU.ActiveCfg = Release|Any CPU
		{8AE5F3E9-2C2E-4492-9CF5-0EA6225DED08}.Release|Any CPU.Build.0 = Release|Any CPU
	EndGlobalSection
	GlobalSection(SolutionProperties) = preSolution
		HideSolutionNode = FALSE
	EndGlobalSection
	GlobalSection(ExtensibilityGlobals) = postSolution
		SolutionGuid = {48052C74-CA76-41EA-BF77-9E19D6F6041C}
	EndGlobalSection
EndGlobal
